
Microsoft Visual Studio Solution File, Format Version 12.00
# Visual Studio Version 17
VisualStudioVersion = 17.6.33815.320
MinimumVisualStudioVersion = 10.0.40219.1
Project("{9A19103F-16F7-4668-BE54-9A1E7A4F7556}") = "CrossWorldApp", "WebApplication1\CrossWorldApp.csproj", "{45DF6B9E-B101-4D63-9B19-7C3AD94B746F}"
EndProject
Global
	GlobalSection(SolutionConfigurationPlatforms) = preSolution
		Debug|Any CPU = Debug|Any CPU
		Release|Any CPU = Release|Any CPU
	EndGlobalSection
	GlobalSection(ProjectConfigurationPlatforms) = postSolution
		{45DF6B9E-B101-4D63-9B19-7C3AD94B746F}.Debug|Any CPU.ActiveCfg = Debug|Any CPU
		{45DF6B9E-B101-4D63-9B19-7C3AD94B746F}.Debug|Any CPU.Build.0 = Debug|Any CPU
		{45DF6B9E-B101-4D63-9B19-7C3AD94B746F}.Release|Any CPU.ActiveCfg = Release|Any CPU
		{45DF6B9E-B101-4D63-9B19-7C3AD94B746F}.Release|Any CPU.Build.0 = Release|Any CPU
	EndGlobalSection
	GlobalSection(SolutionProperties) = preSolution
		HideSolutionNode = FALSE
	EndGlobalSection
	GlobalSection(ExtensibilityGlobals) = postSolution
		SolutionGuid = {16532A86-2F7C-49D7-9AC1-F9E587C240F6}
	EndGlobalSection
EndGlobal
